// !$*UTF8*$!
{
	archiveVersion = 1;
	classes = {
	};
	objectVersion = 46;
	objects = {

/* Begin PBXBuildFile section */
		CD2B642B1589722600582E55 /* main.cpp in Sources */ = {isa = PBXBuildFile; fileRef = CD2B642A1589722600582E55 /* main.cpp */; };
		CD58C3581589749A00CA73F4 /* liblae.a in Frameworks */ = {isa = PBXBuildFile; fileRef = CD58C3521589749100CA73F4 /* liblae.a */; };
/* End PBXBuildFile section */

/* Begin PBXContainerItemProxy section */
		CD58C3511589749100CA73F4 /* PBXContainerItemProxy */ = {
			isa = PBXContainerItemProxy;
			containerPortal = CD58C3461589749100CA73F4 /* lae.xcodeproj */;
			proxyType = 2;
			remoteGlobalIDString = CDE73E57157EA81D000BE9C5;
			remoteInfo = lae;
		};
		CD58C3531589749100CA73F4 /* PBXContainerItemProxy */ = {
			isa = PBXContainerItemProxy;
			containerPortal = CD58C3461589749100CA73F4 /* lae.xcodeproj */;
			proxyType = 2;
			remoteGlobalIDString = CDE73E5F157EA82C000BE9C5;
			remoteInfo = lae_test;
		};
		CD58C3551589749100CA73F4 /* PBXContainerItemProxy */ = {
			isa = PBXContainerItemProxy;
			containerPortal = CD58C3461589749100CA73F4 /* lae.xcodeproj */;
			proxyType = 2;
			remoteGlobalIDString = CD9FBDAA157FD34900638766;
			remoteInfo = lae_osx;
		};
/* End PBXContainerItemProxy section */

/* Begin PBXCopyFilesBuildPhase section */
		CDAC4498158971C80054812F /* CopyFiles */ = {
			isa = PBXCopyFilesBuildPhase;
			buildActionMask = 2147483647;
			dstPath = /usr/share/man/man1/;
			dstSubfolderSpec = 0;
			files = (
			);
			runOnlyForDeploymentPostprocessing = 1;
		};
/* End PBXCopyFilesBuildPhase section */

/* Begin PBXFileReference section */
		CD2B642A1589722600582E55 /* main.cpp */ = {isa = PBXFileReference; fileEncoding = 4; lastKnownFileType = sourcecode.cpp.cpp; path = main.cpp; sourceTree = "<group>"; };
		CD58C3461589749100CA73F4 /* lae.xcodeproj */ = {isa = PBXFileReference; lastKnownFileType = "wrapper.pb-project"; name = lae.xcodeproj; path = ../external/lae/projects/lae.xcodeproj; sourceTree = "<group>"; };
		CDAC449A158971C80054812F /* riot */ = {isa = PBXFileReference; explicitFileType = "compiled.mach-o.executable"; includeInIndex = 0; path = riot; sourceTree = BUILT_PRODUCTS_DIR; };
/* End PBXFileReference section */

/* Begin PBXFrameworksBuildPhase section */
		CDAC4497158971C80054812F /* Frameworks */ = {
			isa = PBXFrameworksBuildPhase;
			buildActionMask = 2147483647;
			files = (
				CD58C3581589749A00CA73F4 /* liblae.a in Frameworks */,
			);
			runOnlyForDeploymentPostprocessing = 0;
		};
/* End PBXFrameworksBuildPhase section */

/* Begin PBXGroup section */
		CD2B64291589722600582E55 /* src */ = {
			isa = PBXGroup;
			children = (
				CD2B642A1589722600582E55 /* main.cpp */,
			);
			name = src;
			path = ../src;
			sourceTree = "<group>";
		};
		CD58C3471589749100CA73F4 /* Products */ = {
			isa = PBXGroup;
			children = (
				CD58C3521589749100CA73F4 /* liblae.a */,
				CD58C3541589749100CA73F4 /* lae_test */,
				CD58C3561589749100CA73F4 /* lae_osx.app */,
			);
			name = Products;
			sourceTree = "<group>";
		};
		CDAC448F158971C80054812F = {
			isa = PBXGroup;
			children = (
				CD58C3461589749100CA73F4 /* lae.xcodeproj */,
				CDAC449B158971C80054812F /* Products */,
				CD2B64291589722600582E55 /* src */,
			);
			sourceTree = "<group>";
		};
		CDAC449B158971C80054812F /* Products */ = {
			isa = PBXGroup;
			children = (
				CDAC449A158971C80054812F /* riot */,
			);
			name = Products;
			sourceTree = "<group>";
		};
/* End PBXGroup section */

/* Begin PBXNativeTarget section */
		CDAC4499158971C80054812F /* riot */ = {
			isa = PBXNativeTarget;
			buildConfigurationList = CDAC44A4158971C80054812F /* Build configuration list for PBXNativeTarget "riot" */;
			buildPhases = (
				CDAC4496158971C80054812F /* Sources */,
				CDAC4497158971C80054812F /* Frameworks */,
				CDAC4498158971C80054812F /* CopyFiles */,
			);
			buildRules = (
			);
			dependencies = (
			);
			name = riot;
			productName = riot;
			productReference = CDAC449A158971C80054812F /* riot */;
			productType = "com.apple.product-type.tool";
		};
/* End PBXNativeTarget section */

/* Begin PBXProject section */
		CDAC4491158971C80054812F /* Project object */ = {
			isa = PBXProject;
			attributes = {
				LastUpgradeCheck = 0430;
			};
			buildConfigurationList = CDAC4494158971C80054812F /* Build configuration list for PBXProject "riot" */;
			compatibilityVersion = "Xcode 3.2";
			developmentRegion = English;
			hasScannedForEncodings = 0;
			knownRegions = (
				en,
			);
			mainGroup = CDAC448F158971C80054812F;
			productRefGroup = CDAC449B158971C80054812F /* Products */;
			projectDirPath = "";
			projectReferences = (
				{
					ProductGroup = CD58C3471589749100CA73F4 /* Products */;
					ProjectRef = CD58C3461589749100CA73F4 /* lae.xcodeproj */;
				},
			);
			projectRoot = "";
			targets = (
				CDAC4499158971C80054812F /* riot */,
			);
		};
/* End PBXProject section */

/* Begin PBXReferenceProxy section */
		CD58C3521589749100CA73F4 /* liblae.a */ = {
			isa = PBXReferenceProxy;
			fileType = archive.ar;
			path = liblae.a;
			remoteRef = CD58C3511589749100CA73F4 /* PBXContainerItemProxy */;
			sourceTree = BUILT_PRODUCTS_DIR;
		};
		CD58C3541589749100CA73F4 /* lae_test */ = {
			isa = PBXReferenceProxy;
			fileType = "compiled.mach-o.executable";
			path = lae_test;
			remoteRef = CD58C3531589749100CA73F4 /* PBXContainerItemProxy */;
			sourceTree = BUILT_PRODUCTS_DIR;
		};
		CD58C3561589749100CA73F4 /* lae_osx.app */ = {
			isa = PBXReferenceProxy;
			fileType = wrapper.application;
			path = lae_osx.app;
			remoteRef = CD58C3551589749100CA73F4 /* PBXContainerItemProxy */;
			sourceTree = BUILT_PRODUCTS_DIR;
		};
/* End PBXReferenceProxy section */

/* Begin PBXSourcesBuildPhase section */
		CDAC4496158971C80054812F /* Sources */ = {
			isa = PBXSourcesBuildPhase;
			buildActionMask = 2147483647;
			files = (
				CD2B642B1589722600582E55 /* main.cpp in Sources */,
			);
			runOnlyForDeploymentPostprocessing = 0;
		};
/* End PBXSourcesBuildPhase section */

/* Begin XCBuildConfiguration section */
		CDAC44A2158971C80054812F /* Debug */ = {
			isa = XCBuildConfiguration;
			buildSettings = {
				ALWAYS_SEARCH_USER_PATHS = NO;
				ARCHS = "$(ARCHS_STANDARD_64_BIT)";
				CLANG_CXX_LANGUAGE_STANDARD = "c++98";
				CLANG_CXX_LIBRARY = "libc++";
				CLANG_WARN_IMPLICIT_SIGN_CONVERSION = YES;
				CLANG_WARN_SUSPICIOUS_IMPLICIT_CONVERSION = YES;
				CLANG_WARN__EXIT_TIME_DESTRUCTORS = YES;
				CONFIGURATION_BUILD_DIR = "$(BUILD_DIR)";
				CONFIGURATION_TEMP_DIR = ../obj;
				COPY_PHASE_STRIP = NO;
				GCC_C_LANGUAGE_STANDARD = c89;
				GCC_DYNAMIC_NO_PIC = NO;
				GCC_ENABLE_CPP_EXCEPTIONS = NO;
				GCC_ENABLE_CPP_RTTI = NO;
				GCC_ENABLE_OBJC_EXCEPTIONS = YES;
				GCC_OPTIMIZATION_LEVEL = 0;
				GCC_PREPROCESSOR_DEFINITIONS = (
					"DEBUG=1",
					"$(inherited)",
				);
				GCC_SYMBOLS_PRIVATE_EXTERN = NO;
				GCC_TREAT_IMPLICIT_FUNCTION_DECLARATIONS_AS_ERRORS = YES;
				GCC_TREAT_WARNINGS_AS_ERRORS = YES;
				GCC_VERSION = com.apple.compilers.llvm.clang.1_0;
				GCC_WARN_64_TO_32_BIT_CONVERSION = YES;
				GCC_WARN_ABOUT_MISSING_NEWLINE = YES;
				GCC_WARN_ABOUT_MISSING_PROTOTYPES = YES;
				GCC_WARN_ABOUT_RETURN_TYPE = YES;
				GCC_WARN_FOUR_CHARACTER_CONSTANTS = YES;
				GCC_WARN_HIDDEN_VIRTUAL_FUNCTIONS = YES;
				GCC_WARN_NON_VIRTUAL_DESTRUCTOR = YES;
				GCC_WARN_PEDANTIC = YES;
				GCC_WARN_SHADOW = YES;
				GCC_WARN_SIGN_COMPARE = YES;
				GCC_WARN_STRICT_SELECTOR_MATCH = YES;
				GCC_WARN_UNINITIALIZED_AUTOS = YES;
				GCC_WARN_UNUSED_VARIABLE = YES;
				MACOSX_DEPLOYMENT_TARGET = 10.7;
				OBJROOT = ../obj;
				ONLY_ACTIVE_ARCH = YES;
				RUN_CLANG_STATIC_ANALYZER = YES;
				SDKROOT = macosx;
				SYMROOT = ../bin;
			};
			name = Debug;
		};
		CDAC44A3158971C80054812F /* Release */ = {
			isa = XCBuildConfiguration;
			buildSettings = {
				ALWAYS_SEARCH_USER_PATHS = NO;
				ARCHS = "$(ARCHS_STANDARD_64_BIT)";
				CLANG_CXX_LANGUAGE_STANDARD = "c++98";
				CLANG_CXX_LIBRARY = "libc++";
				CLANG_WARN_IMPLICIT_SIGN_CONVERSION = YES;
				CLANG_WARN_SUSPICIOUS_IMPLICIT_CONVERSION = YES;
				CLANG_WARN__EXIT_TIME_DESTRUCTORS = YES;
				CONFIGURATION_BUILD_DIR = "$(BUILD_DIR)";
				CONFIGURATION_TEMP_DIR = ../obj;
				COPY_PHASE_STRIP = YES;
				DEBUG_INFORMATION_FORMAT = "dwarf-with-dsym";
				GCC_C_LANGUAGE_STANDARD = c89;
				GCC_ENABLE_CPP_EXCEPTIONS = NO;
				GCC_ENABLE_CPP_RTTI = NO;
				GCC_ENABLE_OBJC_EXCEPTIONS = YES;
				GCC_TREAT_IMPLICIT_FUNCTION_DECLARATIONS_AS_ERRORS = YES;
				GCC_TREAT_WARNINGS_AS_ERRORS = YES;
				GCC_VERSION = com.apple.compilers.llvm.clang.1_0;
				GCC_WARN_64_TO_32_BIT_CONVERSION = YES;
				GCC_WARN_ABOUT_MISSING_NEWLINE = YES;
				GCC_WARN_ABOUT_MISSING_PROTOTYPES = YES;
				GCC_WARN_ABOUT_RETURN_TYPE = YES;
				GCC_WARN_FOUR_CHARACTER_CONSTANTS = YES;
				GCC_WARN_HIDDEN_VIRTUAL_FUNCTIONS = YES;
				GCC_WARN_NON_VIRTUAL_DESTRUCTOR = YES;
				GCC_WARN_PEDANTIC = YES;
				GCC_WARN_SHADOW = YES;
				GCC_WARN_SIGN_COMPARE = YES;
				GCC_WARN_STRICT_SELECTOR_MATCH = YES;
				GCC_WARN_UNINITIALIZED_AUTOS = YES;
				GCC_WARN_UNUSED_VARIABLE = YES;
				MACOSX_DEPLOYMENT_TARGET = 10.7;
				OBJROOT = ../obj;
				RUN_CLANG_STATIC_ANALYZER = YES;
				SDKROOT = macosx;
				SYMROOT = ../bin;
			};
			name = Release;
		};
		CDAC44A5158971C80054812F /* Debug */ = {
			isa = XCBuildConfiguration;
			buildSettings = {
				PRODUCT_NAME = "$(TARGET_NAME)";
			};
			name = Debug;
		};
		CDAC44A6158971C80054812F /* Release */ = {
			isa = XCBuildConfiguration;
			buildSettings = {
				PRODUCT_NAME = "$(TARGET_NAME)";
			};
			name = Release;
		};
/* End XCBuildConfiguration section */

/* Begin XCConfigurationList section */
		CDAC4494158971C80054812F /* Build configuration list for PBXProject "riot" */ = {
			isa = XCConfigurationList;
			buildConfigurations = (
				CDAC44A2158971C80054812F /* Debug */,
				CDAC44A3158971C80054812F /* Release */,
			);
			defaultConfigurationIsVisible = 0;
			defaultConfigurationName = Release;
		};
		CDAC44A4158971C80054812F /* Build configuration list for PBXNativeTarget "riot" */ = {
			isa = XCConfigurationList;
			buildConfigurations = (
				CDAC44A5158971C80054812F /* Debug */,
				CDAC44A6158971C80054812F /* Release */,
			);
			defaultConfigurationIsVisible = 0;
			defaultConfigurationName = Release;
		};
/* End XCConfigurationList section */
	};
	rootObject = CDAC4491158971C80054812F /* Project object */;
}
